
Microsoft Visual Studio Solution File, Format Version 12.00
# Visual Studio Version 17
VisualStudioVersion = 17.3.32922.545
MinimumVisualStudioVersion = 10.0.40219.1
Project("{FAE04EC0-301F-11D3-BF4B-00C04F79EFBC}") = "ProyectoFinalClienteServidor", "ProyectoFinalClienteServidor\ProyectoFinalClienteServidor.csproj", "{CC85477A-941B-46D3-946D-F461C35868B9}"
EndProject
Global
	GlobalSection(SolutionConfigurationPlatforms) = preSolution
		Debug|Any CPU = Debug|Any CPU
		Release|Any CPU = Release|Any CPU
	EndGlobalSection
	GlobalSection(ProjectConfigurationPlatforms) = postSolution
		{CC85477A-941B-46D3-946D-F461C35868B9}.Debug|Any CPU.ActiveCfg = Debug|Any CPU
		{CC85477A-941B-46D3-946D-F461C35868B9}.Debug|Any CPU.Build.0 = Debug|Any CPU
		{CC85477A-941B-46D3-946D-F461C35868B9}.Release|Any CPU.ActiveCfg = Release|Any CPU
		{CC85477A-941B-46D3-946D-F461C35868B9}.Release|Any CPU.Build.0 = Release|Any CPU
	EndGlobalSection
	GlobalSection(SolutionProperties) = preSolution
		HideSolutionNode = FALSE
	EndGlobalSection
	GlobalSection(ExtensibilityGlobals) = postSolution
		SolutionGuid = {A0A2880E-B8A9-4543-9E48-633D671122B3}
	EndGlobalSection
EndGlobal
